# THIS IS AN AUTOGENERATED FILE. DO NOT EDIT THIS FILE DIRECTLY.
# yarn lockfile v1


backtickify@endowl/backtickify#v0.1.0:
  version "0.1.0"
  resolved "https://codeload.github.com/endowl/backtickify/tar.gz/8956abb2760ddfb7113e44a64a32bcd20b085cc1"
  dependencies:
    lodash "^4.17.21"

lodash@^4.17.21:
  version "4.17.21"
  resolved "https://registry.yarnpkg.com/lodash/-/lodash-4.17.21.tgz#679591c564c3bffaae8454cf0b3df370c3d6911c"
  integrity sha512-v2kDEe57lecTulaDIuNTPy3Ry4gLGJ6Z1O3vE1krgXZNrsQ+LFTGHVxVjcXPs17LhbZVGedAJv8XZ1tvj5FvSg==
